// !$*UTF8*$!
{
	archiveVersion = 1;
	classes = {
	};
	objectVersion = 56;
	objects = {

/* Begin PBXBuildFile section */
		5D17B70A2906A04C0065A368 /* Constant.swift in Sources */ = {isa = PBXBuildFile; fileRef = 5D17B7092906A04C0065A368 /* Constant.swift */; };
		5D17B70C2906AE480065A368 /* Session.swift in Sources */ = {isa = PBXBuildFile; fileRef = 5D17B70B2906AE480065A368 /* Session.swift */; };
		5D17B70F2906DC670065A368 /* Movies.storyboard in Resources */ = {isa = PBXBuildFile; fileRef = 5D17B70E2906DC670065A368 /* Movies.storyboard */; };
		5D17B7112906DC830065A368 /* MoviesViewController.swift in Sources */ = {isa = PBXBuildFile; fileRef = 5D17B7102906DC830065A368 /* MoviesViewController.swift */; };
		5D17B71329077A140065A368 /* TabBarViewController.swift in Sources */ = {isa = PBXBuildFile; fileRef = 5D17B71229077A140065A368 /* TabBarViewController.swift */; };
		5D17B7162907866C0065A368 /* Main.storyboard in Resources */ = {isa = PBXBuildFile; fileRef = 5D17B7152907866C0065A368 /* Main.storyboard */; };
		5D1A8D8229117457009D0BB6 /* FilterTableViewCell.swift in Sources */ = {isa = PBXBuildFile; fileRef = 5D1A8D8029117457009D0BB6 /* FilterTableViewCell.swift */; };
		5D1A8D8329117457009D0BB6 /* FilterTableViewCell.xib in Resources */ = {isa = PBXBuildFile; fileRef = 5D1A8D8129117457009D0BB6 /* FilterTableViewCell.xib */; };
		5D433CC928FDBB7D00236557 /* AppDelegate.swift in Sources */ = {isa = PBXBuildFile; fileRef = 5D433CC828FDBB7D00236557 /* AppDelegate.swift */; };
		5D433CCB28FDBB7D00236557 /* SceneDelegate.swift in Sources */ = {isa = PBXBuildFile; fileRef = 5D433CCA28FDBB7D00236557 /* SceneDelegate.swift */; };
		5D433CCD28FDBB7D00236557 /* LoginViewController.swift in Sources */ = {isa = PBXBuildFile; fileRef = 5D433CCC28FDBB7D00236557 /* LoginViewController.swift */; };
		5D433CD028FDBB7D00236557 /* Auth.storyboard in Resources */ = {isa = PBXBuildFile; fileRef = 5D433CCE28FDBB7D00236557 /* Auth.storyboard */; };
		5D433CD228FDBB7E00236557 /* Assets.xcassets in Resources */ = {isa = PBXBuildFile; fileRef = 5D433CD128FDBB7E00236557 /* Assets.xcassets */; };
		5D433CD528FDBB7E00236557 /* LaunchScreen.storyboard in Resources */ = {isa = PBXBuildFile; fileRef = 5D433CD328FDBB7E00236557 /* LaunchScreen.storyboard */; };
		5D68C83D2910415E00B91775 /* FilterMoviesViewController.swift in Sources */ = {isa = PBXBuildFile; fileRef = 5D68C83C2910415E00B91775 /* FilterMoviesViewController.swift */; };
		5D6FE1822907ABB7005B4593 /* TVShows.storyboard in Resources */ = {isa = PBXBuildFile; fileRef = 5D6FE1812907ABB7005B4593 /* TVShows.storyboard */; };
		5D6FE1842907ABD2005B4593 /* TVShowsViewController.swift in Sources */ = {isa = PBXBuildFile; fileRef = 5D6FE1832907ABD2005B4593 /* TVShowsViewController.swift */; };
		5DBD306F2907ED170026F6A3 /* Movies.swift in Sources */ = {isa = PBXBuildFile; fileRef = 5DBD306E2907ED170026F6A3 /* Movies.swift */; };
		5DE1840C28FFDD3C00EC1F4F /* RequestTokenModel.swift in Sources */ = {isa = PBXBuildFile; fileRef = 5DE1840B28FFDD3C00EC1F4F /* RequestTokenModel.swift */; };
		5DE1840F28FFE15B00EC1F4F /* RequestToken.swift in Sources */ = {isa = PBXBuildFile; fileRef = 5DE1840E28FFE15B00EC1F4F /* RequestToken.swift */; };
		5DE1841128FFE1EF00EC1F4F /* NetworkService.swift in Sources */ = {isa = PBXBuildFile; fileRef = 5DE1841028FFE1EF00EC1F4F /* NetworkService.swift */; };
		5DE184132900018700EC1F4F /* MovieModel.swift in Sources */ = {isa = PBXBuildFile; fileRef = 5DE184122900018700EC1F4F /* MovieModel.swift */; };
		5DE18415290014D200EC1F4F /* Authentication.swift in Sources */ = {isa = PBXBuildFile; fileRef = 5DE18414290014D200EC1F4F /* Authentication.swift */; };
		5DE184172900152C00EC1F4F /* UserDefaultModel.swift in Sources */ = {isa = PBXBuildFile; fileRef = 5DE184162900152C00EC1F4F /* UserDefaultModel.swift */; };
		5DE184192900ED9800EC1F4F /* GlobalFunction.swift in Sources */ = {isa = PBXBuildFile; fileRef = 5DE184182900ED9800EC1F4F /* GlobalFunction.swift */; };
		5DE1841B2903E8D300EC1F4F /* AuthModel.swift in Sources */ = {isa = PBXBuildFile; fileRef = 5DE1841A2903E8D300EC1F4F /* AuthModel.swift */; };
		5DE1841D2903E8E000EC1F4F /* SessionAuthModel.swift in Sources */ = {isa = PBXBuildFile; fileRef = 5DE1841C2903E8E000EC1F4F /* SessionAuthModel.swift */; };
		5DF14F542907CF8D006447F0 /* MoviesCollectionViewCell.swift in Sources */ = {isa = PBXBuildFile; fileRef = 5DF14F522907CF8D006447F0 /* MoviesCollectionViewCell.swift */; };
		5DF14F552907CF8D006447F0 /* MoviesCollectionViewCell.xib in Resources */ = {isa = PBXBuildFile; fileRef = 5DF14F532907CF8D006447F0 /* MoviesCollectionViewCell.xib */; };
/* End PBXBuildFile section */

/* Begin PBXFileReference section */
		5D17B7092906A04C0065A368 /* Constant.swift */ = {isa = PBXFileReference; lastKnownFileType = sourcecode.swift; path = Constant.swift; sourceTree = "<group>"; };
		5D17B70B2906AE480065A368 /* Session.swift */ = {isa = PBXFileReference; lastKnownFileType = sourcecode.swift; path = Session.swift; sourceTree = "<group>"; };
		5D17B70E2906DC670065A368 /* Movies.storyboard */ = {isa = PBXFileReference; lastKnownFileType = file.storyboard; path = Movies.storyboard; sourceTree = "<group>"; };
		5D17B7102906DC830065A368 /* MoviesViewController.swift */ = {isa = PBXFileReference; lastKnownFileType = sourcecode.swift; path = MoviesViewController.swift; sourceTree = "<group>"; };
		5D17B71229077A140065A368 /* TabBarViewController.swift */ = {isa = PBXFileReference; lastKnownFileType = sourcecode.swift; path = TabBarViewController.swift; sourceTree = "<group>"; };
		5D17B7152907866C0065A368 /* Main.storyboard */ = {isa = PBXFileReference; lastKnownFileType = file.storyboard; path = Main.storyboard; sourceTree = "<group>"; };
		5D1A8D8029117457009D0BB6 /* FilterTableViewCell.swift */ = {isa = PBXFileReference; lastKnownFileType = sourcecode.swift; path = FilterTableViewCell.swift; sourceTree = "<group>"; };
		5D1A8D8129117457009D0BB6 /* FilterTableViewCell.xib */ = {isa = PBXFileReference; lastKnownFileType = file.xib; path = FilterTableViewCell.xib; sourceTree = "<group>"; };
		5D433CC528FDBB7D00236557 /* movieDB.app */ = {isa = PBXFileReference; explicitFileType = wrapper.application; includeInIndex = 0; path = movieDB.app; sourceTree = BUILT_PRODUCTS_DIR; };
		5D433CC828FDBB7D00236557 /* AppDelegate.swift */ = {isa = PBXFileReference; lastKnownFileType = sourcecode.swift; path = AppDelegate.swift; sourceTree = "<group>"; };
		5D433CCA28FDBB7D00236557 /* SceneDelegate.swift */ = {isa = PBXFileReference; lastKnownFileType = sourcecode.swift; path = SceneDelegate.swift; sourceTree = "<group>"; };
		5D433CCC28FDBB7D00236557 /* LoginViewController.swift */ = {isa = PBXFileReference; lastKnownFileType = sourcecode.swift; path = LoginViewController.swift; sourceTree = "<group>"; };
		5D433CCF28FDBB7D00236557 /* Base */ = {isa = PBXFileReference; lastKnownFileType = file.storyboard; name = Base; path = Base.lproj/Auth.storyboard; sourceTree = "<group>"; };
		5D433CD128FDBB7E00236557 /* Assets.xcassets */ = {isa = PBXFileReference; lastKnownFileType = folder.assetcatalog; path = Assets.xcassets; sourceTree = "<group>"; };
		5D433CD428FDBB7E00236557 /* Base */ = {isa = PBXFileReference; lastKnownFileType = file.storyboard; name = Base; path = Base.lproj/LaunchScreen.storyboard; sourceTree = "<group>"; };
		5D433CD628FDBB7E00236557 /* Info.plist */ = {isa = PBXFileReference; lastKnownFileType = text.plist.xml; path = Info.plist; sourceTree = "<group>"; };
		5D68C83C2910415E00B91775 /* FilterMoviesViewController.swift */ = {isa = PBXFileReference; lastKnownFileType = sourcecode.swift; path = FilterMoviesViewController.swift; sourceTree = "<group>"; };
		5D6FE1812907ABB7005B4593 /* TVShows.storyboard */ = {isa = PBXFileReference; lastKnownFileType = file.storyboard; path = TVShows.storyboard; sourceTree = "<group>"; };
		5D6FE1832907ABD2005B4593 /* TVShowsViewController.swift */ = {isa = PBXFileReference; lastKnownFileType = sourcecode.swift; path = TVShowsViewController.swift; sourceTree = "<group>"; };
		5DBD306E2907ED170026F6A3 /* Movies.swift */ = {isa = PBXFileReference; lastKnownFileType = sourcecode.swift; path = Movies.swift; sourceTree = "<group>"; };
		5DE1840B28FFDD3C00EC1F4F /* RequestTokenModel.swift */ = {isa = PBXFileReference; lastKnownFileType = sourcecode.swift; path = RequestTokenModel.swift; sourceTree = "<group>"; };
		5DE1840E28FFE15B00EC1F4F /* RequestToken.swift */ = {isa = PBXFileReference; lastKnownFileType = sourcecode.swift; path = RequestToken.swift; sourceTree = "<group>"; };
		5DE1841028FFE1EF00EC1F4F /* NetworkService.swift */ = {isa = PBXFileReference; lastKnownFileType = sourcecode.swift; path = NetworkService.swift; sourceTree = "<group>"; };
		5DE184122900018700EC1F4F /* MovieModel.swift */ = {isa = PBXFileReference; lastKnownFileType = sourcecode.swift; path = MovieModel.swift; sourceTree = "<group>"; };
		5DE18414290014D200EC1F4F /* Authentication.swift */ = {isa = PBXFileReference; lastKnownFileType = sourcecode.swift; path = Authentication.swift; sourceTree = "<group>"; };
		5DE184162900152C00EC1F4F /* UserDefaultModel.swift */ = {isa = PBXFileReference; lastKnownFileType = sourcecode.swift; path = UserDefaultModel.swift; sourceTree = "<group>"; };
		5DE184182900ED9800EC1F4F /* GlobalFunction.swift */ = {isa = PBXFileReference; lastKnownFileType = sourcecode.swift; path = GlobalFunction.swift; sourceTree = "<group>"; };
		5DE1841A2903E8D300EC1F4F /* AuthModel.swift */ = {isa = PBXFileReference; lastKnownFileType = sourcecode.swift; path = AuthModel.swift; sourceTree = "<group>"; };
		5DE1841C2903E8E000EC1F4F /* SessionAuthModel.swift */ = {isa = PBXFileReference; lastKnownFileType = sourcecode.swift; path = SessionAuthModel.swift; sourceTree = "<group>"; };
		5DF14F522907CF8D006447F0 /* MoviesCollectionViewCell.swift */ = {isa = PBXFileReference; lastKnownFileType = sourcecode.swift; path = MoviesCollectionViewCell.swift; sourceTree = "<group>"; };
		5DF14F532907CF8D006447F0 /* MoviesCollectionViewCell.xib */ = {isa = PBXFileReference; lastKnownFileType = file.xib; path = MoviesCollectionViewCell.xib; sourceTree = "<group>"; };
/* End PBXFileReference section */

/* Begin PBXFrameworksBuildPhase section */
		5D433CC228FDBB7D00236557 /* Frameworks */ = {
			isa = PBXFrameworksBuildPhase;
			buildActionMask = 2147483647;
			files = (
			);
			runOnlyForDeploymentPostprocessing = 0;
		};
/* End PBXFrameworksBuildPhase section */

/* Begin PBXGroup section */
		5D17B70D2906DC440065A368 /* Movies */ = {
			isa = PBXGroup;
			children = (
				5D17B70E2906DC670065A368 /* Movies.storyboard */,
				5DF14F522907CF8D006447F0 /* MoviesCollectionViewCell.swift */,
				5DF14F532907CF8D006447F0 /* MoviesCollectionViewCell.xib */,
				5D68C83C2910415E00B91775 /* FilterMoviesViewController.swift */,
				5D1A8D8029117457009D0BB6 /* FilterTableViewCell.swift */,
				5D1A8D8129117457009D0BB6 /* FilterTableViewCell.xib */,
			);
			path = Movies;
			sourceTree = "<group>";
		};
		5D17B714290786510065A368 /* TabBar */ = {
			isa = PBXGroup;
			children = (
				5D17B7152907866C0065A368 /* Main.storyboard */,
			);
			path = TabBar;
			sourceTree = "<group>";
		};
		5D433CBC28FDBB7D00236557 = {
			isa = PBXGroup;
			children = (
				5D433CC728FDBB7D00236557 /* movieDB */,
				5D433CC628FDBB7D00236557 /* Products */,
			);
			sourceTree = "<group>";
		};
		5D433CC628FDBB7D00236557 /* Products */ = {
			isa = PBXGroup;
			children = (
				5D433CC528FDBB7D00236557 /* movieDB.app */,
			);
			name = Products;
			sourceTree = "<group>";
		};
		5D433CC728FDBB7D00236557 /* movieDB */ = {
			isa = PBXGroup;
			children = (
				5DE1840D28FFE0C400EC1F4F /* Network */,
				5DE1840828FFBA0100EC1F4F /* Utils */,
				5D433CDE28FDBBF700236557 /* Model */,
				5D433CDC28FDBBC100236557 /* View */,
				5D433CDF28FDBBFD00236557 /* Controller */,
				5D433CC828FDBB7D00236557 /* AppDelegate.swift */,
				5D433CCA28FDBB7D00236557 /* SceneDelegate.swift */,
				5D433CD128FDBB7E00236557 /* Assets.xcassets */,
				5D433CD328FDBB7E00236557 /* LaunchScreen.storyboard */,
				5D433CD628FDBB7E00236557 /* Info.plist */,
			);
			path = movieDB;
			sourceTree = "<group>";
		};
		5D433CDC28FDBBC100236557 /* View */ = {
			isa = PBXGroup;
			children = (
				5D6FE1802907AB81005B4593 /* TVShows */,
				5D17B714290786510065A368 /* TabBar */,
				5D17B70D2906DC440065A368 /* Movies */,
				5D433CDD28FDBBCB00236557 /* Auth */,
			);
			path = View;
			sourceTree = "<group>";
		};
		5D433CDD28FDBBCB00236557 /* Auth */ = {
			isa = PBXGroup;
			children = (
				5D433CCE28FDBB7D00236557 /* Auth.storyboard */,
			);
			path = Auth;
			sourceTree = "<group>";
		};
		5D433CDE28FDBBF700236557 /* Model */ = {
			isa = PBXGroup;
			children = (
				5DE184122900018700EC1F4F /* MovieModel.swift */,
				5DE1840B28FFDD3C00EC1F4F /* RequestTokenModel.swift */,
				5DE184162900152C00EC1F4F /* UserDefaultModel.swift */,
				5DE1841A2903E8D300EC1F4F /* AuthModel.swift */,
				5DE1841C2903E8E000EC1F4F /* SessionAuthModel.swift */,
			);
			path = Model;
			sourceTree = "<group>";
		};
		5D433CDF28FDBBFD00236557 /* Controller */ = {
			isa = PBXGroup;
			children = (
				5D433CCC28FDBB7D00236557 /* LoginViewController.swift */,
				5D17B7102906DC830065A368 /* MoviesViewController.swift */,
				5D17B71229077A140065A368 /* TabBarViewController.swift */,
				5D6FE1832907ABD2005B4593 /* TVShowsViewController.swift */,
			);
			path = Controller;
			sourceTree = "<group>";
		};
		5D6FE1802907AB81005B4593 /* TVShows */ = {
			isa = PBXGroup;
			children = (
				5D6FE1812907ABB7005B4593 /* TVShows.storyboard */,
			);
			path = TVShows;
			sourceTree = "<group>";
		};
		5DE1840828FFBA0100EC1F4F /* Utils */ = {
			isa = PBXGroup;
			children = (
				5DE184182900ED9800EC1F4F /* GlobalFunction.swift */,
				5D17B7092906A04C0065A368 /* Constant.swift */,
			);
			path = Utils;
			sourceTree = "<group>";
		};
		5DE1840D28FFE0C400EC1F4F /* Network */ = {
			isa = PBXGroup;
			children = (
				5DE1841028FFE1EF00EC1F4F /* NetworkService.swift */,
				5DE1840E28FFE15B00EC1F4F /* RequestToken.swift */,
				5DE18414290014D200EC1F4F /* Authentication.swift */,
				5D17B70B2906AE480065A368 /* Session.swift */,
				5DBD306E2907ED170026F6A3 /* Movies.swift */,
			);
			path = Network;
			sourceTree = "<group>";
		};
/* End PBXGroup section */

/* Begin PBXNativeTarget section */
		5D433CC428FDBB7D00236557 /* movieDB */ = {
			isa = PBXNativeTarget;
			buildConfigurationList = 5D433CD928FDBB7E00236557 /* Build configuration list for PBXNativeTarget "movieDB" */;
			buildPhases = (
				5D433CC128FDBB7D00236557 /* Sources */,
				5D433CC228FDBB7D00236557 /* Frameworks */,
				5D433CC328FDBB7D00236557 /* Resources */,
			);
			buildRules = (
			);
			dependencies = (
			);
			name = movieDB;
			productName = movieDB;
			productReference = 5D433CC528FDBB7D00236557 /* movieDB.app */;
			productType = "com.apple.product-type.application";
		};
/* End PBXNativeTarget section */

/* Begin PBXProject section */
		5D433CBD28FDBB7D00236557 /* Project object */ = {
			isa = PBXProject;
			attributes = {
				BuildIndependentTargetsInParallel = 1;
				LastSwiftUpdateCheck = 1400;
				LastUpgradeCheck = 1400;
				TargetAttributes = {
					5D433CC428FDBB7D00236557 = {
						CreatedOnToolsVersion = 14.0;
					};
				};
			};
			buildConfigurationList = 5D433CC028FDBB7D00236557 /* Build configuration list for PBXProject "movieDB" */;
			compatibilityVersion = "Xcode 14.0";
			developmentRegion = en;
			hasScannedForEncodings = 0;
			knownRegions = (
				en,
				Base,
			);
			mainGroup = 5D433CBC28FDBB7D00236557;
			productRefGroup = 5D433CC628FDBB7D00236557 /* Products */;
			projectDirPath = "";
			projectRoot = "";
			targets = (
				5D433CC428FDBB7D00236557 /* movieDB */,
			);
		};
/* End PBXProject section */

/* Begin PBXResourcesBuildPhase section */
		5D433CC328FDBB7D00236557 /* Resources */ = {
			isa = PBXResourcesBuildPhase;
			buildActionMask = 2147483647;
			files = (
				5D17B7162907866C0065A368 /* Main.storyboard in Resources */,
				5D1A8D8329117457009D0BB6 /* FilterTableViewCell.xib in Resources */,
				5D433CD528FDBB7E00236557 /* LaunchScreen.storyboard in Resources */,
				5DF14F552907CF8D006447F0 /* MoviesCollectionViewCell.xib in Resources */,
				5D433CD228FDBB7E00236557 /* Assets.xcassets in Resources */,
				5D6FE1822907ABB7005B4593 /* TVShows.storyboard in Resources */,
				5D433CD028FDBB7D00236557 /* Auth.storyboard in Resources */,
				5D17B70F2906DC670065A368 /* Movies.storyboard in Resources */,
			);
			runOnlyForDeploymentPostprocessing = 0;
		};
/* End PBXResourcesBuildPhase section */

/* Begin PBXSourcesBuildPhase section */
		5D433CC128FDBB7D00236557 /* Sources */ = {
			isa = PBXSourcesBuildPhase;
			buildActionMask = 2147483647;
			files = (
				5D17B71329077A140065A368 /* TabBarViewController.swift in Sources */,
				5D17B70C2906AE480065A368 /* Session.swift in Sources */,
				5DE184132900018700EC1F4F /* MovieModel.swift in Sources */,
				5D433CCD28FDBB7D00236557 /* LoginViewController.swift in Sources */,
				5D6FE1842907ABD2005B4593 /* TVShowsViewController.swift in Sources */,
				5DE1840C28FFDD3C00EC1F4F /* RequestTokenModel.swift in Sources */,
				5D68C83D2910415E00B91775 /* FilterMoviesViewController.swift in Sources */,
				5D433CC928FDBB7D00236557 /* AppDelegate.swift in Sources */,
				5DE1841D2903E8E000EC1F4F /* SessionAuthModel.swift in Sources */,
				5DE1840F28FFE15B00EC1F4F /* RequestToken.swift in Sources */,
				5DF14F542907CF8D006447F0 /* MoviesCollectionViewCell.swift in Sources */,
				5DE1841128FFE1EF00EC1F4F /* NetworkService.swift in Sources */,
				5D1A8D8229117457009D0BB6 /* FilterTableViewCell.swift in Sources */,
				5D433CCB28FDBB7D00236557 /* SceneDelegate.swift in Sources */,
				5DE184172900152C00EC1F4F /* UserDefaultModel.swift in Sources */,
				5D17B70A2906A04C0065A368 /* Constant.swift in Sources */,
				5D17B7112906DC830065A368 /* MoviesViewController.swift in Sources */,
				5DE184192900ED9800EC1F4F /* GlobalFunction.swift in Sources */,
				5DBD306F2907ED170026F6A3 /* Movies.swift in Sources */,
				5DE18415290014D200EC1F4F /* Authentication.swift in Sources */,
				5DE1841B2903E8D300EC1F4F /* AuthModel.swift in Sources */,
			);
			runOnlyForDeploymentPostprocessing = 0;
		};
/* End PBXSourcesBuildPhase section */

/* Begin PBXVariantGroup section */
		5D433CCE28FDBB7D00236557 /* Auth.storyboard */ = {
			isa = PBXVariantGroup;
			children = (
				5D433CCF28FDBB7D00236557 /* Base */,
			);
			name = Auth.storyboard;
			sourceTree = "<group>";
		};
		5D433CD328FDBB7E00236557 /* LaunchScreen.storyboard */ = {
			isa = PBXVariantGroup;
			children = (
				5D433CD428FDBB7E00236557 /* Base */,
			);
			name = LaunchScreen.storyboard;
			sourceTree = "<group>";
		};
/* End PBXVariantGroup section */

/* Begin XCBuildConfiguration section */
		5D433CD728FDBB7E00236557 /* Debug */ = {
			isa = XCBuildConfiguration;
			buildSettings = {
				ALWAYS_SEARCH_USER_PATHS = NO;
				CLANG_ANALYZER_NONNULL = YES;
				CLANG_ANALYZER_NUMBER_OBJECT_CONVERSION = YES_AGGRESSIVE;
				CLANG_CXX_LANGUAGE_STANDARD = "gnu++20";
				CLANG_ENABLE_MODULES = YES;
				CLANG_ENABLE_OBJC_ARC = YES;
				CLANG_ENABLE_OBJC_WEAK = YES;
				CLANG_WARN_BLOCK_CAPTURE_AUTORELEASING = YES;
				CLANG_WARN_BOOL_CONVERSION = YES;
				CLANG_WARN_COMMA = YES;
				CLANG_WARN_CONSTANT_CONVERSION = YES;
				CLANG_WARN_DEPRECATED_OBJC_IMPLEMENTATIONS = YES;
				CLANG_WARN_DIRECT_OBJC_ISA_USAGE = YES_ERROR;
				CLANG_WARN_DOCUMENTATION_COMMENTS = YES;
				CLANG_WARN_EMPTY_BODY = YES;
				CLANG_WARN_ENUM_CONVERSION = YES;
				CLANG_WARN_INFINITE_RECURSION = YES;
				CLANG_WARN_INT_CONVERSION = YES;
				CLANG_WARN_NON_LITERAL_NULL_CONVERSION = YES;
				CLANG_WARN_OBJC_IMPLICIT_RETAIN_SELF = YES;
				CLANG_WARN_OBJC_LITERAL_CONVERSION = YES;
				CLANG_WARN_OBJC_ROOT_CLASS = YES_ERROR;
				CLANG_WARN_QUOTED_INCLUDE_IN_FRAMEWORK_HEADER = YES;
				CLANG_WARN_RANGE_LOOP_ANALYSIS = YES;
				CLANG_WARN_STRICT_PROTOTYPES = YES;
				CLANG_WARN_SUSPICIOUS_MOVE = YES;
				CLANG_WARN_UNGUARDED_AVAILABILITY = YES_AGGRESSIVE;
				CLANG_WARN_UNREACHABLE_CODE = YES;
				CLANG_WARN__DUPLICATE_METHOD_MATCH = YES;
				COPY_PHASE_STRIP = NO;
				DEBUG_INFORMATION_FORMAT = dwarf;
				ENABLE_STRICT_OBJC_MSGSEND = YES;
				ENABLE_TESTABILITY = YES;
				GCC_C_LANGUAGE_STANDARD = gnu11;
				GCC_DYNAMIC_NO_PIC = NO;
				GCC_NO_COMMON_BLOCKS = YES;
				GCC_OPTIMIZATION_LEVEL = 0;
				GCC_PREPROCESSOR_DEFINITIONS = (
					"DEBUG=1",
					"$(inherited)",
				);
				GCC_WARN_64_TO_32_BIT_CONVERSION = YES;
				GCC_WARN_ABOUT_RETURN_TYPE = YES_ERROR;
				GCC_WARN_UNDECLARED_SELECTOR = YES;
				GCC_WARN_UNINITIALIZED_AUTOS = YES_AGGRESSIVE;
				GCC_WARN_UNUSED_FUNCTION = YES;
				GCC_WARN_UNUSED_VARIABLE = YES;
				IPHONEOS_DEPLOYMENT_TARGET = 16.0;
				MTL_ENABLE_DEBUG_INFO = INCLUDE_SOURCE;
				MTL_FAST_MATH = YES;
				ONLY_ACTIVE_ARCH = YES;
				SDKROOT = iphoneos;
				SWIFT_ACTIVE_COMPILATION_CONDITIONS = DEBUG;
				SWIFT_OPTIMIZATION_LEVEL = "-Onone";
			};
			name = Debug;
		};
		5D433CD828FDBB7E00236557 /* Release */ = {
			isa = XCBuildConfiguration;
			buildSettings = {
				ALWAYS_SEARCH_USER_PATHS = NO;
				CLANG_ANALYZER_NONNULL = YES;
				CLANG_ANALYZER_NUMBER_OBJECT_CONVERSION = YES_AGGRESSIVE;
				CLANG_CXX_LANGUAGE_STANDARD = "gnu++20";
				CLANG_ENABLE_MODULES = YES;
				CLANG_ENABLE_OBJC_ARC = YES;
				CLANG_ENABLE_OBJC_WEAK = YES;
				CLANG_WARN_BLOCK_CAPTURE_AUTORELEASING = YES;
				CLANG_WARN_BOOL_CONVERSION = YES;
				CLANG_WARN_COMMA = YES;
				CLANG_WARN_CONSTANT_CONVERSION = YES;
				CLANG_WARN_DEPRECATED_OBJC_IMPLEMENTATIONS = YES;
				CLANG_WARN_DIRECT_OBJC_ISA_USAGE = YES_ERROR;
				CLANG_WARN_DOCUMENTATION_COMMENTS = YES;
				CLANG_WARN_EMPTY_BODY = YES;
				CLANG_WARN_ENUM_CONVERSION = YES;
				CLANG_WARN_INFINITE_RECURSION = YES;
				CLANG_WARN_INT_CONVERSION = YES;
				CLANG_WARN_NON_LITERAL_NULL_CONVERSION = YES;
				CLANG_WARN_OBJC_IMPLICIT_RETAIN_SELF = YES;
				CLANG_WARN_OBJC_LITERAL_CONVERSION = YES;
				CLANG_WARN_OBJC_ROOT_CLASS = YES_ERROR;
				CLANG_WARN_QUOTED_INCLUDE_IN_FRAMEWORK_HEADER = YES;
				CLANG_WARN_RANGE_LOOP_ANALYSIS = YES;
				CLANG_WARN_STRICT_PROTOTYPES = YES;
				CLANG_WARN_SUSPICIOUS_MOVE = YES;
				CLANG_WARN_UNGUARDED_AVAILABILITY = YES_AGGRESSIVE;
				CLANG_WARN_UNREACHABLE_CODE = YES;
				CLANG_WARN__DUPLICATE_METHOD_MATCH = YES;
				COPY_PHASE_STRIP = NO;
				DEBUG_INFORMATION_FORMAT = "dwarf-with-dsym";
				ENABLE_NS_ASSERTIONS = NO;
				ENABLE_STRICT_OBJC_MSGSEND = YES;
				GCC_C_LANGUAGE_STANDARD = gnu11;
				GCC_NO_COMMON_BLOCKS = YES;
				GCC_WARN_64_TO_32_BIT_CONVERSION = YES;
				GCC_WARN_ABOUT_RETURN_TYPE = YES_ERROR;
				GCC_WARN_UNDECLARED_SELECTOR = YES;
				GCC_WARN_UNINITIALIZED_AUTOS = YES_AGGRESSIVE;
				GCC_WARN_UNUSED_FUNCTION = YES;
				GCC_WARN_UNUSED_VARIABLE = YES;
				IPHONEOS_DEPLOYMENT_TARGET = 16.0;
				MTL_ENABLE_DEBUG_INFO = NO;
				MTL_FAST_MATH = YES;
				SDKROOT = iphoneos;
				SWIFT_COMPILATION_MODE = wholemodule;
				SWIFT_OPTIMIZATION_LEVEL = "-O";
				VALIDATE_PRODUCT = YES;
			};
			name = Release;
		};
		5D433CDA28FDBB7E00236557 /* Debug */ = {
			isa = XCBuildConfiguration;
			buildSettings = {
				ASSETCATALOG_COMPILER_APPICON_NAME = AppIcon;
				ASSETCATALOG_COMPILER_GLOBAL_ACCENT_COLOR_NAME = AccentColor;
				CODE_SIGN_STYLE = Automatic;
				CURRENT_PROJECT_VERSION = 1;
				DEVELOPMENT_TEAM = 3HH926728D;
				GENERATE_INFOPLIST_FILE = YES;
				INFOPLIST_FILE = movieDB/Info.plist;
				INFOPLIST_KEY_UIApplicationSupportsIndirectInputEvents = YES;
				INFOPLIST_KEY_UILaunchStoryboardName = LaunchScreen;
				INFOPLIST_KEY_UIMainStoryboardFile = Main;
				INFOPLIST_KEY_UISupportedInterfaceOrientations_iPad = "UIInterfaceOrientationPortrait UIInterfaceOrientationPortraitUpsideDown UIInterfaceOrientationLandscapeLeft UIInterfaceOrientationLandscapeRight";
				INFOPLIST_KEY_UISupportedInterfaceOrientations_iPhone = "UIInterfaceOrientationPortrait UIInterfaceOrientationLandscapeLeft UIInterfaceOrientationLandscapeRight";
				LD_RUNPATH_SEARCH_PATHS = (
					"$(inherited)",
					"@executable_path/Frameworks",
				);
				MARKETING_VERSION = 1.0;
				PRODUCT_BUNDLE_IDENTIFIER = mfa.movieDB;
				PRODUCT_NAME = "$(TARGET_NAME)";
				SWIFT_EMIT_LOC_STRINGS = YES;
				SWIFT_VERSION = 5.0;
				TARGETED_DEVICE_FAMILY = "1,2";
			};
			name = Debug;
		};
		5D433CDB28FDBB7E00236557 /* Release */ = {
			isa = XCBuildConfiguration;
			buildSettings = {
				ASSETCATALOG_COMPILER_APPICON_NAME = AppIcon;
				ASSETCATALOG_COMPILER_GLOBAL_ACCENT_COLOR_NAME = AccentColor;
				CODE_SIGN_STYLE = Automatic;
				CURRENT_PROJECT_VERSION = 1;
				DEVELOPMENT_TEAM = 3HH926728D;
				GENERATE_INFOPLIST_FILE = YES;
				INFOPLIST_FILE = movieDB/Info.plist;
				INFOPLIST_KEY_UIApplicationSupportsIndirectInputEvents = YES;
				INFOPLIST_KEY_UILaunchStoryboardName = LaunchScreen;
				INFOPLIST_KEY_UIMainStoryboardFile = Main;
				INFOPLIST_KEY_UISupportedInterfaceOrientations_iPad = "UIInterfaceOrientationPortrait UIInterfaceOrientationPortraitUpsideDown UIInterfaceOrientationLandscapeLeft UIInterfaceOrientationLandscapeRight";
				INFOPLIST_KEY_UISupportedInterfaceOrientations_iPhone = "UIInterfaceOrientationPortrait UIInterfaceOrientationLandscapeLeft UIInterfaceOrientationLandscapeRight";
				LD_RUNPATH_SEARCH_PATHS = (
					"$(inherited)",
					"@executable_path/Frameworks",
				);
				MARKETING_VERSION = 1.0;
				PRODUCT_BUNDLE_IDENTIFIER = mfa.movieDB;
				PRODUCT_NAME = "$(TARGET_NAME)";
				SWIFT_EMIT_LOC_STRINGS = YES;
				SWIFT_VERSION = 5.0;
				TARGETED_DEVICE_FAMILY = "1,2";
			};
			name = Release;
		};
/* End XCBuildConfiguration section */

/* Begin XCConfigurationList section */
		5D433CC028FDBB7D00236557 /* Build configuration list for PBXProject "movieDB" */ = {
			isa = XCConfigurationList;
			buildConfigurations = (
				5D433CD728FDBB7E00236557 /* Debug */,
				5D433CD828FDBB7E00236557 /* Release */,
			);
			defaultConfigurationIsVisible = 0;
			defaultConfigurationName = Release;
		};
		5D433CD928FDBB7E00236557 /* Build configuration list for PBXNativeTarget "movieDB" */ = {
			isa = XCConfigurationList;
			buildConfigurations = (
				5D433CDA28FDBB7E00236557 /* Debug */,
				5D433CDB28FDBB7E00236557 /* Release */,
			);
			defaultConfigurationIsVisible = 0;
			defaultConfigurationName = Release;
		};
/* End XCConfigurationList section */
	};
	rootObject = 5D433CBD28FDBB7D00236557 /* Project object */;
}
